
Microsoft Visual Studio Solution File, Format Version 12.00
# Visual Studio Version 16
VisualStudioVersion = 16.0.31702.278
MinimumVisualStudioVersion = 10.0.40219.1
Project("{FAE04EC0-301F-11D3-BF4B-00C04F79EFBC}") = "ProjektSzkolnyGR6", "ProjektSzkolnyGR6\ProjektSzkolnyGR6.csproj", "{9F079E7C-596E-4111-ABF6-9640CB072D54}"
EndProject
Global
	GlobalSection(SolutionConfigurationPlatforms) = preSolution
		Debug|Any CPU = Debug|Any CPU
		Release|Any CPU = Release|Any CPU
	EndGlobalSection
	GlobalSection(ProjectConfigurationPlatforms) = postSolution
		{9F079E7C-596E-4111-ABF6-9640CB072D54}.Debug|Any CPU.ActiveCfg = Debug|Any CPU
		{9F079E7C-596E-4111-ABF6-9640CB072D54}.Debug|Any CPU.Build.0 = Debug|Any CPU
		{9F079E7C-596E-4111-ABF6-9640CB072D54}.Release|Any CPU.ActiveCfg = Release|Any CPU
		{9F079E7C-596E-4111-ABF6-9640CB072D54}.Release|Any CPU.Build.0 = Release|Any CPU
	EndGlobalSection
	GlobalSection(SolutionProperties) = preSolution
		HideSolutionNode = FALSE
	EndGlobalSection
	GlobalSection(ExtensibilityGlobals) = postSolution
		SolutionGuid = {E18D295F-BCA5-43C4-B662-4600EBA0746E}
	EndGlobalSection
EndGlobal
